
Microsoft Visual Studio Solution File, Format Version 12.00
# Visual Studio 15
VisualStudioVersion = 15.0.27703.2047
MinimumVisualStudioVersion = 10.0.40219.1
Project("{FAE04EC0-301F-11D3-BF4B-00C04F79EFBC}") = "SortEvenNumbers", "SortEvenNumbers\SortEvenNumbers.csproj", "{E8E4F494-192C-44A5-9963-4D159F13447C}"
EndProject
Project("{FAE04EC0-301F-11D3-BF4B-00C04F79EFBC}") = "SumNumbers", "SumNumbers\SumNumbers.csproj", "{9CAFB2FE-83E5-4984-9E0D-FD0829EB88C6}"
EndProject
Project("{FAE04EC0-301F-11D3-BF4B-00C04F79EFBC}") = "CountUppercaseWords", "CountUppercaseWords\CountUppercaseWords.csproj", "{C2F81208-FDCD-475E-B5AE-47EF80977C4C}"
EndProject
Project("{FAE04EC0-301F-11D3-BF4B-00C04F79EFBC}") = "AddVat", "AddVat\AddVat.csproj", "{8A8699FE-519F-40E2-A542-FFD18143D958}"
EndProject
Project("{FAE04EC0-301F-11D3-BF4B-00C04F79EFBC}") = "FilterByAge", "FilterByAge\FilterByAge.csproj", "{D26B3887-1CF5-4A57-B9D9-A91732183E4E}"
EndProject
Global
	GlobalSection(SolutionConfigurationPlatforms) = preSolution
		Debug|Any CPU = Debug|Any CPU
		Release|Any CPU = Release|Any CPU
	EndGlobalSection
	GlobalSection(ProjectConfigurationPlatforms) = postSolution
		{E8E4F494-192C-44A5-9963-4D159F13447C}.Debug|Any CPU.ActiveCfg = Debug|Any CPU
		{E8E4F494-192C-44A5-9963-4D159F13447C}.Debug|Any CPU.Build.0 = Debug|Any CPU
		{E8E4F494-192C-44A5-9963-4D159F13447C}.Release|Any CPU.ActiveCfg = Release|Any CPU
		{E8E4F494-192C-44A5-9963-4D159F13447C}.Release|Any CPU.Build.0 = Release|Any CPU
		{9CAFB2FE-83E5-4984-9E0D-FD0829EB88C6}.Debug|Any CPU.ActiveCfg = Debug|Any CPU
		{9CAFB2FE-83E5-4984-9E0D-FD0829EB88C6}.Debug|Any CPU.Build.0 = Debug|Any CPU
		{9CAFB2FE-83E5-4984-9E0D-FD0829EB88C6}.Release|Any CPU.ActiveCfg = Release|Any CPU
		{9CAFB2FE-83E5-4984-9E0D-FD0829EB88C6}.Release|Any CPU.Build.0 = Release|Any CPU
		{C2F81208-FDCD-475E-B5AE-47EF80977C4C}.Debug|Any CPU.ActiveCfg = Debug|Any CPU
		{C2F81208-FDCD-475E-B5AE-47EF80977C4C}.Debug|Any CPU.Build.0 = Debug|Any CPU
		{C2F81208-FDCD-475E-B5AE-47EF80977C4C}.Release|Any CPU.ActiveCfg = Release|Any CPU
		{C2F81208-FDCD-475E-B5AE-47EF80977C4C}.Release|Any CPU.Build.0 = Release|Any CPU
		{8A8699FE-519F-40E2-A542-FFD18143D958}.Debug|Any CPU.ActiveCfg = Debug|Any CPU
		{8A8699FE-519F-40E2-A542-FFD18143D958}.Debug|Any CPU.Build.0 = Debug|Any CPU
		{8A8699FE-519F-40E2-A542-FFD18143D958}.Release|Any CPU.ActiveCfg = Release|Any CPU
		{8A8699FE-519F-40E2-A542-FFD18143D958}.Release|Any CPU.Build.0 = Release|Any CPU
		{D26B3887-1CF5-4A57-B9D9-A91732183E4E}.Debug|Any CPU.ActiveCfg = Debug|Any CPU
		{D26B3887-1CF5-4A57-B9D9-A91732183E4E}.Debug|Any CPU.Build.0 = Debug|Any CPU
		{D26B3887-1CF5-4A57-B9D9-A91732183E4E}.Release|Any CPU.ActiveCfg = Release|Any CPU
		{D26B3887-1CF5-4A57-B9D9-A91732183E4E}.Release|Any CPU.Build.0 = Release|Any CPU
	EndGlobalSection
	GlobalSection(SolutionProperties) = preSolution
		HideSolutionNode = FALSE
	EndGlobalSection
	GlobalSection(ExtensibilityGlobals) = postSolution
		SolutionGuid = {AC13BD7C-A184-414C-AC0D-BF2DDA516D18}
	EndGlobalSection
EndGlobal
